
Microsoft Visual Studio Solution File, Format Version 12.00
# Visual Studio Version 17
VisualStudioVersion = 17.1.32319.34
MinimumVisualStudioVersion = 10.0.40219.1
Project("{FAE04EC0-301F-11D3-BF4B-00C04F79EFBC}") = "test", "test\test.csproj", "{AFDAE5C2-5910-4486-909E-6769934AF8ED}"
EndProject
Global
	GlobalSection(SolutionConfigurationPlatforms) = preSolution
		Debug|Any CPU = Debug|Any CPU
		Release|Any CPU = Release|Any CPU
	EndGlobalSection
	GlobalSection(ProjectConfigurationPlatforms) = postSolution
		{AFDAE5C2-5910-4486-909E-6769934AF8ED}.Debug|Any CPU.ActiveCfg = Debug|Any CPU
		{AFDAE5C2-5910-4486-909E-6769934AF8ED}.Debug|Any CPU.Build.0 = Debug|Any CPU
		{AFDAE5C2-5910-4486-909E-6769934AF8ED}.Release|Any CPU.ActiveCfg = Release|Any CPU
		{AFDAE5C2-5910-4486-909E-6769934AF8ED}.Release|Any CPU.Build.0 = Release|Any CPU
	EndGlobalSection
	GlobalSection(SolutionProperties) = preSolution
		HideSolutionNode = FALSE
	EndGlobalSection
	GlobalSection(ExtensibilityGlobals) = postSolution
		SolutionGuid = {45981198-9276-4020-875F-C68E9F10AE48}
	EndGlobalSection
EndGlobal
